Microsoft Visual Studio Solution File, Format Version 7.00
Project("{8BC9CEB8-8B4A-11D0-8D11-00A0C91BC942}") = "Editor Preview", "Editor Preview.vcproj", "{EE64B35E-5E80-498D-B06F-6A1CA2B7976B}"
EndProject
Global
	GlobalSection(SolutionConfiguration) = preSolution
		ConfigName.0 = Debug
		ConfigName.1 = Release
	EndGlobalSection
	GlobalSection(ProjectDependencies) = postSolution
	EndGlobalSection
	GlobalSection(ProjectConfiguration) = postSolution
		{EE64B35E-5E80-498D-B06F-6A1CA2B7976B}.Debug.ActiveCfg = Debug|Win32
		{EE64B35E-5E80-498D-B06F-6A1CA2B7976B}.Debug.Build.0 = Debug|Win32
		{EE64B35E-5E80-498D-B06F-6A1CA2B7976B}.Release.ActiveCfg = Release|Win32
		{EE64B35E-5E80-498D-B06F-6A1CA2B7976B}.Release.Build.0 = Release|Win32
	EndGlobalSection
	GlobalSection(ExtensibilityGlobals) = postSolution
	EndGlobalSection
	GlobalSection(ExtensibilityAddIns) = postSolution
	EndGlobalSection
EndGlobal
